Microsoft Visual Studio Solution File, Format Version 11.00
# Visual Studio 2008

Project("{83B1BD8E-4B64-292B-BB11-0D39FC07AC3B}") = "TimeBlender", "Assembly-CSharp-firstpass-vs.csproj", "{FBE89DC8-A340-9058-BD61-B2557566543C}"
EndProject
Project("{83B1BD8E-4B64-292B-BB11-0D39FC07AC3B}") = "TimeBlender", "Assembly-CSharp-vs.csproj", "{07500D26-5A9B-652B-DD09-D7C78883EB0E}"
EndProject
Project("{83B1BD8E-4B64-292B-BB11-0D39FC07AC3B}") = "TimeBlender", "Assembly-CSharp-Editor-vs.csproj", "{BBC248FD-52B2-38F4-50C1-EFAB3D8C5DCC}"
EndProject
Global
	GlobalSection(SolutionConfigurationPlatforms) = preSolution
		Debug|Any CPU = Debug|Any CPU
		Release|Any CPU = Release|Any CPU
	EndGlobalSection
	GlobalSection(ProjectConfigurationPlatforms) = postSolution
		{FBE89DC8-A340-9058-BD61-B2557566543C}.Debug|Any CPU.ActiveCfg = Debug|Any CPU
		{FBE89DC8-A340-9058-BD61-B2557566543C}.Debug|Any CPU.Build.0 = Debug|Any CPU
		{FBE89DC8-A340-9058-BD61-B2557566543C}.Release|Any CPU.ActiveCfg = Release|Any CPU
		{FBE89DC8-A340-9058-BD61-B2557566543C}.Release|Any CPU.Build.0 = Release|Any CPU
		{07500D26-5A9B-652B-DD09-D7C78883EB0E}.Debug|Any CPU.ActiveCfg = Debug|Any CPU
		{07500D26-5A9B-652B-DD09-D7C78883EB0E}.Debug|Any CPU.Build.0 = Debug|Any CPU
		{07500D26-5A9B-652B-DD09-D7C78883EB0E}.Release|Any CPU.ActiveCfg = Release|Any CPU
		{07500D26-5A9B-652B-DD09-D7C78883EB0E}.Release|Any CPU.Build.0 = Release|Any CPU
		{BBC248FD-52B2-38F4-50C1-EFAB3D8C5DCC}.Debug|Any CPU.ActiveCfg = Debug|Any CPU
		{BBC248FD-52B2-38F4-50C1-EFAB3D8C5DCC}.Debug|Any CPU.Build.0 = Debug|Any CPU
		{BBC248FD-52B2-38F4-50C1-EFAB3D8C5DCC}.Release|Any CPU.ActiveCfg = Release|Any CPU
		{BBC248FD-52B2-38F4-50C1-EFAB3D8C5DCC}.Release|Any CPU.Build.0 = Release|Any CPU
	EndGlobalSection
	GlobalSection(SolutionProperties) = preSolution
		HideSolutionNode = FALSE
	EndGlobalSection
					GlobalSection(MonoDevelopProperties) = preSolution
		StartupItem = Assembly-CSharp.csproj
		Policies = $0
		$0.TextStylePolicy = $1
		$1.inheritsSet = null
		$1.scope = text/x-csharp
		$0.CSharpFormattingPolicy = $2
		$2.inheritsSet = Mono
		$2.inheritsScope = text/x-csharp
		$2.scope = text/x-csharp
		$0.TextStylePolicy = $3
		$3.FileWidth = 120
		$3.TabWidth = 4
		$3.IndentWidth = 4
		$3.EolMarker = Unix
		$3.inheritsSet = Mono
		$3.inheritsScope = text/plain
		$3.scope = text/plain
	EndGlobalSection

EndGlobal
